// !$*UTF8*$!
{
	archiveVersion = 1;
	classes = {
	};
	objectVersion = 50;
	objects = {

/* Begin PBXBuildFile section */
		184EF634224F6D0E00681862 /* HoltTableViewCell.swift in Sources */ = {isa = PBXBuildFile; fileRef = 184EF633224F6D0E00681862 /* HoltTableViewCell.swift */; };
		184EF67F224F75BF00681862 /* Bold personality.m4a in Resources */ = {isa = PBXBuildFile; fileRef = 184EF636224F75BD00681862 /* Bold personality.m4a */; };
		184EF680224F75BF00681862 /* Let's get that punk!.m4a in Resources */ = {isa = PBXBuildFile; fileRef = 184EF637224F75BD00681862 /* Let's get that punk!.m4a */; };
		184EF681224F75BF00681862 /* Time to make daddy proud.m4a in Resources */ = {isa = PBXBuildFile; fileRef = 184EF638224F75BD00681862 /* Time to make daddy proud.m4a */; };
		184EF682224F75BF00681862 /* I'm.m4a in Resources */ = {isa = PBXBuildFile; fileRef = 184EF639224F75BD00681862 /* I'm.m4a */; };
		184EF683224F75BF00681862 /* What are you doing at Razzmataz.m4a in Resources */ = {isa = PBXBuildFile; fileRef = 184EF63A224F75BD00681862 /* What are you doing at Razzmataz.m4a */; };
		184EF684224F75BF00681862 /* Made no I birthed her.m4a in Resources */ = {isa = PBXBuildFile; fileRef = 184EF63B224F75BD00681862 /* Made no I birthed her.m4a */; };
		184EF685224F75BF00681862 /* But if you're here.m4a in Resources */ = {isa = PBXBuildFile; fileRef = 184EF63C224F75BE00681862 /* But if you're here.m4a */; };
		184EF686224F75BF00681862 /* Booone.m4a in Resources */ = {isa = PBXBuildFile; fileRef = 184EF63D224F75BE00681862 /* Booone.m4a */; };
		184EF687224F75BF00681862 /* Everything is garbage.m4a in Resources */ = {isa = PBXBuildFile; fileRef = 184EF63E224F75BE00681862 /* Everything is garbage.m4a */; };
		184EF688224F75BF00681862 /* Marco polo.m4a in Resources */ = {isa = PBXBuildFile; fileRef = 184EF63F224F75BE00681862 /* Marco polo.m4a */; };
		184EF689224F75BF00681862 /* Yes.m4a in Resources */ = {isa = PBXBuildFile; fileRef = 184EF640224F75BE00681862 /* Yes.m4a */; };
		184EF68A224F75BF00681862 /* Oh damn.m4a in Resources */ = {isa = PBXBuildFile; fileRef = 184EF641224F75BE00681862 /* Oh damn.m4a */; };
		184EF68B224F75BF00681862 /* I'd like to play.m4a in Resources */ = {isa = PBXBuildFile; fileRef = 184EF642224F75BE00681862 /* I'd like to play.m4a */; };
		184EF68C224F75BF00681862 /* Vindication.m4a in Resources */ = {isa = PBXBuildFile; fileRef = 184EF643224F75BE00681862 /* Vindication.m4a */; };
		184EF68D224F75BF00681862 /* Now put on a smile.m4a in Resources */ = {isa = PBXBuildFile; fileRef = 184EF644224F75BE00681862 /* Now put on a smile.m4a */; };
		184EF68E224F75BF00681862 /* BRB time.m4a in Resources */ = {isa = PBXBuildFile; fileRef = 184EF645224F75BE00681862 /* BRB time.m4a */; };
		184EF68F224F75BF00681862 /* Funniest story.m4a in Resources */ = {isa = PBXBuildFile; fileRef = 184EF646224F75BE00681862 /* Funniest story.m4a */; };
		184EF690224F75BF00681862 /* Oppsie Doodle.m4a in Resources */ = {isa = PBXBuildFile; fileRef = 184EF647224F75BE00681862 /* Oppsie Doodle.m4a */; };
		184EF691224F75BF00681862 /* Is everything okay (brain).m4a in Resources */ = {isa = PBXBuildFile; fileRef = 184EF648224F75BE00681862 /* Is everything okay (brain).m4a */; };
		184EF692224F75BF00681862 /* How dare you.m4a in Resources */ = {isa = PBXBuildFile; fileRef = 184EF649224F75BE00681862 /* How dare you.m4a */; };
		184EF693224F75BF00681862 /* Boost my bottom.m4a in Resources */ = {isa = PBXBuildFile; fileRef = 184EF64A224F75BE00681862 /* Boost my bottom.m4a */; };
		184EF694224F75BF00681862 /* Painnnn.m4a in Resources */ = {isa = PBXBuildFile; fileRef = 184EF64B224F75BE00681862 /* Painnnn.m4a */; };
		184EF695224F75BF00681862 /* Bingpot.m4a in Resources */ = {isa = PBXBuildFile; fileRef = 184EF64C224F75BE00681862 /* Bingpot.m4a */; };
		184EF696224F75BF00681862 /* Cwazy Cupcakes.m4a in Resources */ = {isa = PBXBuildFile; fileRef = 184EF64D224F75BE00681862 /* Cwazy Cupcakes.m4a */; };
		184EF697224F75BF00681862 /* Here at the fun zone.m4a in Resources */ = {isa = PBXBuildFile; fileRef = 184EF64E224F75BE00681862 /* Here at the fun zone.m4a */; };
		184EF698224F75BF00681862 /* I am your superior officer.m4a in Resources */ = {isa = PBXBuildFile; fileRef = 184EF64F224F75BE00681862 /* I am your superior officer.m4a */; };
		184EF699224F75BF00681862 /* I just erased everything.m4a in Resources */ = {isa = PBXBuildFile; fileRef = 184EF650224F75BE00681862 /* I just erased everything.m4a */; };
		184EF69A224F75BF00681862 /* I have zero interest.m4a in Resources */ = {isa = PBXBuildFile; fileRef = 184EF651224F75BE00681862 /* I have zero interest.m4a */; };
		184EF69B224F75BF00681862 /* D-D-D-D-D-D-Derek.m4a in Resources */ = {isa = PBXBuildFile; fileRef = 184EF652224F75BE00681862 /* D-D-D-D-D-D-Derek.m4a */; };
		184EF69C224F75BF00681862 /* You embarrass yourself.m4a in Resources */ = {isa = PBXBuildFile; fileRef = 184EF653224F75BE00681862 /* You embarrass yourself.m4a */; };
		184EF69D224F75BF00681862 /* Marshedmallows.m4a in Resources */ = {isa = PBXBuildFile; fileRef = 184EF654224F75BE00681862 /* Marshedmallows.m4a */; };
		184EF69E224F75BF00681862 /* This is Balthaazar.m4a in Resources */ = {isa = PBXBuildFile; fileRef = 184EF655224F75BE00681862 /* This is Balthaazar.m4a */; };
		184EF69F224F75BF00681862 /* Cowabunga.m4a in Resources */ = {isa = PBXBuildFile; fileRef = 184EF656224F75BE00681862 /* Cowabunga.m4a */; };
		184EF6A0224F75BF00681862 /* You've used my logic against me.m4a in Resources */ = {isa = PBXBuildFile; fileRef = 184EF657224F75BE00681862 /* You've used my logic against me.m4a */; };
		184EF6A1224F75BF00681862 /* Unleash the beast.m4a in Resources */ = {isa = PBXBuildFile; fileRef = 184EF658224F75BE00681862 /* Unleash the beast.m4a */; };
		184EF6A2224F75BF00681862 /* I gained 3 pounds in Paris.m4a in Resources */ = {isa = PBXBuildFile; fileRef = 184EF659224F75BE00681862 /* I gained 3 pounds in Paris.m4a */; };
		184EF6A3224F75BF00681862 /* Get some.m4a in Resources */ = {isa = PBXBuildFile; fileRef = 184EF65A224F75BE00681862 /* Get some.m4a */; };
		184EF6A4224F75BF00681862 /* Funky Cold Medina.m4a in Resources */ = {isa = PBXBuildFile; fileRef = 184EF65B224F75BE00681862 /* Funky Cold Medina.m4a */; };
		184EF6A5224F75BF00681862 /* Dismissed.m4a in Resources */ = {isa = PBXBuildFile; fileRef = 184EF65C224F75BE00681862 /* Dismissed.m4a */; };
		184EF6A6224F75BF00681862 /* Robot.m4a in Resources */ = {isa = PBXBuildFile; fileRef = 184EF65D224F75BE00681862 /* Robot.m4a */; };
		184EF6A7224F75BF00681862 /* Velvet thunder.m4a in Resources */ = {isa = PBXBuildFile; fileRef = 184EF65E224F75BE00681862 /* Velvet thunder.m4a */; };
		184EF6A8224F75BF00681862 /* You call that dancing.m4a in Resources */ = {isa = PBXBuildFile; fileRef = 184EF65F224F75BE00681862 /* You call that dancing.m4a */; };
		184EF6A9224F75BF00681862 /* Hello Sexarella.m4a in Resources */ = {isa = PBXBuildFile; fileRef = 184EF660224F75BE00681862 /* Hello Sexarella.m4a */; };
		184EF6AA224F75BF00681862 /* I've heard you saying that 162 times.m4a in Resources */ = {isa = PBXBuildFile; fileRef = 184EF661224F75BE00681862 /* I've heard you saying that 162 times.m4a */; };
		184EF6AB224F75BF00681862 /* Cute little secret weapon.m4a in Resources */ = {isa = PBXBuildFile; fileRef = 184EF662224F75BE00681862 /* Cute little secret weapon.m4a */; };
		184EF6AC224F75BF00681862 /* Raymond Holt.m4a in Resources */ = {isa = PBXBuildFile; fileRef = 184EF663224F75BE00681862 /* Raymond Holt.m4a */; };
		184EF6AD224F75BF00681862 /* Situation diffused.m4a in Resources */ = {isa = PBXBuildFile; fileRef = 184EF664224F75BE00681862 /* Situation diffused.m4a */; };
		184EF6AE224F75BF00681862 /* Never love anything.m4a in Resources */ = {isa = PBXBuildFile; fileRef = 184EF665224F75BE00681862 /* Never love anything.m4a */; };
		184EF6AF224F75BF00681862 /* Very cool.m4a in Resources */ = {isa = PBXBuildFile; fileRef = 184EF666224F75BE00681862 /* Very cool.m4a */; };
		184EF6B0224F75BF00681862 /* Is everything OK.m4a in Resources */ = {isa = PBXBuildFile; fileRef = 184EF667224F75BE00681862 /* Is everything OK.m4a */; };
		184EF6B1224F75BF00681862 /* Forced laughing.m4a in Resources */ = {isa = PBXBuildFile; fileRef = 184EF668224F75BE00681862 /* Forced laughing.m4a */; };
		184EF6B2224F75BF00681862 /* I was hula hooping.m4a in Resources */ = {isa = PBXBuildFile; fileRef = 184EF669224F75BE00681862 /* I was hula hooping.m4a */; };
		184EF6B3224F75BF00681862 /* You're not cheddar.m4a in Resources */ = {isa = PBXBuildFile; fileRef = 184EF66A224F75BE00681862 /* You're not cheddar.m4a */; };
		184EF6B4224F75BF00681862 /* Peralta you're a genius.m4a in Resources */ = {isa = PBXBuildFile; fileRef = 184EF66B224F75BE00681862 /* Peralta you're a genius.m4a */; };
		184EF6B5224F75BF00681862 /* I've never been happier.m4a in Resources */ = {isa = PBXBuildFile; fileRef = 184EF66C224F75BE00681862 /* I've never been happier.m4a */; };
		184EF6B6224F75BF00681862 /* Huh.m4a in Resources */ = {isa = PBXBuildFile; fileRef = 184EF66D224F75BE00681862 /* Huh.m4a */; };
		184EF6B7224F75BF00681862 /* Get to work.m4a in Resources */ = {isa = PBXBuildFile; fileRef = 184EF66E224F75BE00681862 /* Get to work.m4a */; };
		184EF6B8224F75BF00681862 /* Yas queen.m4a in Resources */ = {isa = PBXBuildFile; fileRef = 184EF66F224F75BE00681862 /* Yas queen.m4a */; };
		184EF6B9224F75BF00681862 /* Wuntch time is over.m4a in Resources */ = {isa = PBXBuildFile; fileRef = 184EF670224F75BE00681862 /* Wuntch time is over.m4a */; };
		184EF6BA224F75BF00681862 /* Talking raisin.m4a in Resources */ = {isa = PBXBuildFile; fileRef = 184EF671224F75BE00681862 /* Talking raisin.m4a */; };
		184EF6BB224F75BF00681862 /* Right now.m4a in Resources */ = {isa = PBXBuildFile; fileRef = 184EF672224F75BE00681862 /* Right now.m4a */; };
		184EF6BC224F75BF00681862 /* Yabba dabba doo.m4a in Resources */ = {isa = PBXBuildFile; fileRef = 184EF673224F75BE00681862 /* Yabba dabba doo.m4a */; };
		184EF6BD224F75BF00681862 /* I'm diffusing a situation.m4a in Resources */ = {isa = PBXBuildFile; fileRef = 184EF674224F75BE00681862 /* I'm diffusing a situation.m4a */; };
		184EF6BE224F75BF00681862 /* Dirtbag.m4a in Resources */ = {isa = PBXBuildFile; fileRef = 184EF675224F75BE00681862 /* Dirtbag.m4a */; };
		184EF6BF224F75BF00681862 /* The full bullpen.m4a in Resources */ = {isa = PBXBuildFile; fileRef = 184EF676224F75BE00681862 /* The full bullpen.m4a */; };
		184EF6C0224F75BF00681862 /* Time for the next level.m4a in Resources */ = {isa = PBXBuildFile; fileRef = 184EF677224F75BE00681862 /* Time for the next level.m4a */; };
		184EF6C1224F75BF00681862 /* This is.m4a in Resources */ = {isa = PBXBuildFile; fileRef = 184EF678224F75BE00681862 /* This is.m4a */; };
		184EF6C2224F75BF00681862 /* HOT DAMN .m4a in Resources */ = {isa = PBXBuildFile; fileRef = 184EF679224F75BE00681862 /* HOT DAMN .m4a */; };
		184EF6C3224F75BF00681862 /* I'm a Curd-mudgeon.m4a in Resources */ = {isa = PBXBuildFile; fileRef = 184EF67A224F75BE00681862 /* I'm a Curd-mudgeon.m4a */; };
		184EF6C4224F75BF00681862 /* Bone.m4a in Resources */ = {isa = PBXBuildFile; fileRef = 184EF67B224F75BE00681862 /* Bone.m4a */; };
		184EF6C5224F75BF00681862 /* Stop playing this inane garbage.m4a in Resources */ = {isa = PBXBuildFile; fileRef = 184EF67C224F75BE00681862 /* Stop playing this inane garbage.m4a */; };
		184EF6C6224F75BF00681862 /* Let's unleash hell.m4a in Resources */ = {isa = PBXBuildFile; fileRef = 184EF67D224F75BE00681862 /* Let's unleash hell.m4a */; };
		184EF6C7224F75BF00681862 /* Because no one will ever believe you.m4a in Resources */ = {isa = PBXBuildFile; fileRef = 184EF67E224F75BE00681862 /* Because no one will ever believe you.m4a */; };
		18B86CE2224F6381001CC664 /* AppDelegate.swift in Sources */ = {isa = PBXBuildFile; fileRef = 18B86CE1224F6381001CC664 /* AppDelegate.swift */; };
		18B86CE4224F6381001CC664 /* ViewController.swift in Sources */ = {isa = PBXBuildFile; fileRef = 18B86CE3224F6381001CC664 /* ViewController.swift */; };
		18B86CE7224F6382001CC664 /* Main.storyboard in Resources */ = {isa = PBXBuildFile; fileRef = 18B86CE5224F6382001CC664 /* Main.storyboard */; };
		18B86CEA224F6382001CC664 /* B99.xcdatamodeld in Sources */ = {isa = PBXBuildFile; fileRef = 18B86CE8224F6382001CC664 /* B99.xcdatamodeld */; };
		18B86CEC224F63C8001CC664 /* Assets.xcassets in Resources */ = {isa = PBXBuildFile; fileRef = 18B86CEB224F63C8001CC664 /* Assets.xcassets */; };
		18B86CEF224F63C9001CC664 /* LaunchScreen.storyboard in Resources */ = {isa = PBXBuildFile; fileRef = 18B86CED224F63C9001CC664 /* LaunchScreen.storyboard */; };
		18B86CFA224F63D1001CC664 /* B99Tests.swift in Sources */ = {isa = PBXBuildFile; fileRef = 18B86CF9224F63D1001CC664 /* B99Tests.swift */; };
		18B86D05224F63D1001CC664 /* B99UITests.swift in Sources */ = {isa = PBXBuildFile; fileRef = 18B86D04224F63D1001CC664 /* B99UITests.swift */; };
/* End PBXBuildFile section */

/* Begin PBXContainerItemProxy section */
		18B86CF6224F63D0001CC664 /* PBXContainerItemProxy */ = {
			isa = PBXContainerItemProxy;
			containerPortal = 18B86CD6224F6380001CC664 /* Project object */;
			proxyType = 1;
			remoteGlobalIDString = 18B86CDD224F6381001CC664;
			remoteInfo = B99;
		};
		18B86D01224F63D1001CC664 /* PBXContainerItemProxy */ = {
			isa = PBXContainerItemProxy;
			containerPortal = 18B86CD6224F6380001CC664 /* Project object */;
			proxyType = 1;
			remoteGlobalIDString = 18B86CDD224F6381001CC664;
			remoteInfo = B99;
		};
/* End PBXContainerItemProxy section */

/* Begin PBXFileReference section */
		184EF633224F6D0E00681862 /* HoltTableViewCell.swift */ = {isa = PBXFileReference; lastKnownFileType = sourcecode.swift; path = HoltTableViewCell.swift; sourceTree = "<group>"; };
		184EF636224F75BD00681862 /* Bold personality.m4a */ = {isa = PBXFileReference; lastKnownFileType = file; path = "Bold personality.m4a"; sourceTree = "<group>"; };
		184EF637224F75BD00681862 /* Let's get that punk!.m4a */ = {isa = PBXFileReference; lastKnownFileType = file; path = "Let's get that punk!.m4a"; sourceTree = "<group>"; };
		184EF638224F75BD00681862 /* Time to make daddy proud.m4a */ = {isa = PBXFileReference; lastKnownFileType = file; path = "Time to make daddy proud.m4a"; sourceTree = "<group>"; };
		184EF639224F75BD00681862 /* I'm.m4a */ = {isa = PBXFileReference; lastKnownFileType = file; path = "I'm.m4a"; sourceTree = "<group>"; };
		184EF63A224F75BD00681862 /* What are you doing at Razzmataz.m4a */ = {isa = PBXFileReference; lastKnownFileType = file; path = "What are you doing at Razzmataz.m4a"; sourceTree = "<group>"; };
		184EF63B224F75BD00681862 /* Made no I birthed her.m4a */ = {isa = PBXFileReference; lastKnownFileType = file; path = "Made no I birthed her.m4a"; sourceTree = "<group>"; };
		184EF63C224F75BE00681862 /* But if you're here.m4a */ = {isa = PBXFileReference; lastKnownFileType = file; path = "But if you're here.m4a"; sourceTree = "<group>"; };
		184EF63D224F75BE00681862 /* Booone.m4a */ = {isa = PBXFileReference; lastKnownFileType = file; path = Booone.m4a; sourceTree = "<group>"; };
		184EF63E224F75BE00681862 /* Everything is garbage.m4a */ = {isa = PBXFileReference; lastKnownFileType = file; path = "Everything is garbage.m4a"; sourceTree = "<group>"; };
		184EF63F224F75BE00681862 /* Marco polo.m4a */ = {isa = PBXFileReference; lastKnownFileType = file; path = "Marco polo.m4a"; sourceTree = "<group>"; };
		184EF640224F75BE00681862 /* Yes.m4a */ = {isa = PBXFileReference; lastKnownFileType = file; path = Yes.m4a; sourceTree = "<group>"; };
		184EF641224F75BE00681862 /* Oh damn.m4a */ = {isa = PBXFileReference; lastKnownFileType = file; path = "Oh damn.m4a"; sourceTree = "<group>"; };
		184EF642224F75BE00681862 /* I'd like to play.m4a */ = {isa = PBXFileReference; lastKnownFileType = file; path = "I'd like to play.m4a"; sourceTree = "<group>"; };
		184EF643224F75BE00681862 /* Vindication.m4a */ = {isa = PBXFileReference; lastKnownFileType = file; path = Vindication.m4a; sourceTree = "<group>"; };
		184EF644224F75BE00681862 /* Now put on a smile.m4a */ = {isa = PBXFileReference; lastKnownFileType = file; path = "Now put on a smile.m4a"; sourceTree = "<group>"; };
		184EF645224F75BE00681862 /* BRB time.m4a */ = {isa = PBXFileReference; lastKnownFileType = file; path = "BRB time.m4a"; sourceTree = "<group>"; };
		184EF646224F75BE00681862 /* Funniest story.m4a */ = {isa = PBXFileReference; lastKnownFileType = file; path = "Funniest story.m4a"; sourceTree = "<group>"; };
		184EF647224F75BE00681862 /* Oppsie Doodle.m4a */ = {isa = PBXFileReference; lastKnownFileType = file; path = "Oppsie Doodle.m4a"; sourceTree = "<group>"; };
		184EF648224F75BE00681862 /* Is everything okay (brain).m4a */ = {isa = PBXFileReference; lastKnownFileType = file; path = "Is everything okay (brain).m4a"; sourceTree = "<group>"; };
		184EF649224F75BE00681862 /* How dare you.m4a */ = {isa = PBXFileReference; lastKnownFileType = file; path = "How dare you.m4a"; sourceTree = "<group>"; };
		184EF64A224F75BE00681862 /* Boost my bottom.m4a */ = {isa = PBXFileReference; lastKnownFileType = file; path = "Boost my bottom.m4a"; sourceTree = "<group>"; };
		184EF64B224F75BE00681862 /* Painnnn.m4a */ = {isa = PBXFileReference; lastKnownFileType = file; path = Painnnn.m4a; sourceTree = "<group>"; };
		184EF64C224F75BE00681862 /* Bingpot.m4a */ = {isa = PBXFileReference; lastKnownFileType = file; path = Bingpot.m4a; sourceTree = "<group>"; };
		184EF64D224F75BE00681862 /* Cwazy Cupcakes.m4a */ = {isa = PBXFileReference; lastKnownFileType = file; path = "Cwazy Cupcakes.m4a"; sourceTree = "<group>"; };
		184EF64E224F75BE00681862 /* Here at the fun zone.m4a */ = {isa = PBXFileReference; lastKnownFileType = file; path = "Here at the fun zone.m4a"; sourceTree = "<group>"; };
		184EF64F224F75BE00681862 /* I am your superior officer.m4a */ = {isa = PBXFileReference; lastKnownFileType = file; path = "I am your superior officer.m4a"; sourceTree = "<group>"; };
		184EF650224F75BE00681862 /* I just erased everything.m4a */ = {isa = PBXFileReference; lastKnownFileType = file; path = "I just erased everything.m4a"; sourceTree = "<group>"; };
		184EF651224F75BE00681862 /* I have zero interest.m4a */ = {isa = PBXFileReference; lastKnownFileType = file; path = "I have zero interest.m4a"; sourceTree = "<group>"; };
		184EF652224F75BE00681862 /* D-D-D-D-D-D-Derek.m4a */ = {isa = PBXFileReference; lastKnownFileType = file; path = "D-D-D-D-D-D-Derek.m4a"; sourceTree = "<group>"; };
		184EF653224F75BE00681862 /* You embarrass yourself.m4a */ = {isa = PBXFileReference; lastKnownFileType = file; path = "You embarrass yourself.m4a"; sourceTree = "<group>"; };
		184EF654224F75BE00681862 /* Marshedmallows.m4a */ = {isa = PBXFileReference; lastKnownFileType = file; path = Marshedmallows.m4a; sourceTree = "<group>"; };
		184EF655224F75BE00681862 /* This is Balthaazar.m4a */ = {isa = PBXFileReference; lastKnownFileType = file; path = "This is Balthaazar.m4a"; sourceTree = "<group>"; };
		184EF656224F75BE00681862 /* Cowabunga.m4a */ = {isa = PBXFileReference; lastKnownFileType = file; path = Cowabunga.m4a; sourceTree = "<group>"; };
		184EF657224F75BE00681862 /* You've used my logic against me.m4a */ = {isa = PBXFileReference; lastKnownFileType = file; path = "You've used my logic against me.m4a"; sourceTree = "<group>"; };
		184EF658224F75BE00681862 /* Unleash the beast.m4a */ = {isa = PBXFileReference; lastKnownFileType = file; path = "Unleash the beast.m4a"; sourceTree = "<group>"; };
		184EF659224F75BE00681862 /* I gained 3 pounds in Paris.m4a */ = {isa = PBXFileReference; lastKnownFileType = file; path = "I gained 3 pounds in Paris.m4a"; sourceTree = "<group>"; };
		184EF65A224F75BE00681862 /* Get some.m4a */ = {isa = PBXFileReference; lastKnownFileType = file; path = "Get some.m4a"; sourceTree = "<group>"; };
		184EF65B224F75BE00681862 /* Funky Cold Medina.m4a */ = {isa = PBXFileReference; lastKnownFileType = file; path = "Funky Cold Medina.m4a"; sourceTree = "<group>"; };
		184EF65C224F75BE00681862 /* Dismissed.m4a */ = {isa = PBXFileReference; lastKnownFileType = file; path = Dismissed.m4a; sourceTree = "<group>"; };
		184EF65D224F75BE00681862 /* Robot.m4a */ = {isa = PBXFileReference; lastKnownFileType = file; path = Robot.m4a; sourceTree = "<group>"; };
		184EF65E224F75BE00681862 /* Velvet thunder.m4a */ = {isa = PBXFileReference; lastKnownFileType = file; path = "Velvet thunder.m4a"; sourceTree = "<group>"; };
		184EF65F224F75BE00681862 /* You call that dancing.m4a */ = {isa = PBXFileReference; lastKnownFileType = file; path = "You call that dancing.m4a"; sourceTree = "<group>"; };
		184EF660224F75BE00681862 /* Hello Sexarella.m4a */ = {isa = PBXFileReference; lastKnownFileType = file; path = "Hello Sexarella.m4a"; sourceTree = "<group>"; };
		184EF661224F75BE00681862 /* I've heard you saying that 162 times.m4a */ = {isa = PBXFileReference; lastKnownFileType = file; path = "I've heard you saying that 162 times.m4a"; sourceTree = "<group>"; };
		184EF662224F75BE00681862 /* Cute little secret weapon.m4a */ = {isa = PBXFileReference; lastKnownFileType = file; path = "Cute little secret weapon.m4a"; sourceTree = "<group>"; };
		184EF663224F75BE00681862 /* Raymond Holt.m4a */ = {isa = PBXFileReference; lastKnownFileType = file; path = "Raymond Holt.m4a"; sourceTree = "<group>"; };
		184EF664224F75BE00681862 /* Situation diffused.m4a */ = {isa = PBXFileReference; lastKnownFileType = file; path = "Situation diffused.m4a"; sourceTree = "<group>"; };
		184EF665224F75BE00681862 /* Never love anything.m4a */ = {isa = PBXFileReference; lastKnownFileType = file; path = "Never love anything.m4a"; sourceTree = "<group>"; };
		184EF666224F75BE00681862 /* Very cool.m4a */ = {isa = PBXFileReference; lastKnownFileType = file; path = "Very cool.m4a"; sourceTree = "<group>"; };
		184EF667224F75BE00681862 /* Is everything OK.m4a */ = {isa = PBXFileReference; lastKnownFileType = file; path = "Is everything OK.m4a"; sourceTree = "<group>"; };
		184EF668224F75BE00681862 /* Forced laughing.m4a */ = {isa = PBXFileReference; lastKnownFileType = file; path = "Forced laughing.m4a"; sourceTree = "<group>"; };
		184EF669224F75BE00681862 /* I was hula hooping.m4a */ = {isa = PBXFileReference; lastKnownFileType = file; path = "I was hula hooping.m4a"; sourceTree = "<group>"; };
		184EF66A224F75BE00681862 /* You're not cheddar.m4a */ = {isa = PBXFileReference; lastKnownFileType = file; path = "You're not cheddar.m4a"; sourceTree = "<group>"; };
		184EF66B224F75BE00681862 /* Peralta you're a genius.m4a */ = {isa = PBXFileReference; lastKnownFileType = file; path = "Peralta you're a genius.m4a"; sourceTree = "<group>"; };
		184EF66C224F75BE00681862 /* I've never been happier.m4a */ = {isa = PBXFileReference; lastKnownFileType = file; path = "I've never been happier.m4a"; sourceTree = "<group>"; };
		184EF66D224F75BE00681862 /* Huh.m4a */ = {isa = PBXFileReference; lastKnownFileType = file; path = Huh.m4a; sourceTree = "<group>"; };
		184EF66E224F75BE00681862 /* Get to work.m4a */ = {isa = PBXFileReference; lastKnownFileType = file; path = "Get to work.m4a"; sourceTree = "<group>"; };
		184EF66F224F75BE00681862 /* Yas queen.m4a */ = {isa = PBXFileReference; lastKnownFileType = file; path = "Yas queen.m4a"; sourceTree = "<group>"; };
		184EF670224F75BE00681862 /* Wuntch time is over.m4a */ = {isa = PBXFileReference; lastKnownFileType = file; path = "Wuntch time is over.m4a"; sourceTree = "<group>"; };
		184EF671224F75BE00681862 /* Talking raisin.m4a */ = {isa = PBXFileReference; lastKnownFileType = file; path = "Talking raisin.m4a"; sourceTree = "<group>"; };
		184EF672224F75BE00681862 /* Right now.m4a */ = {isa = PBXFileReference; lastKnownFileType = file; path = "Right now.m4a"; sourceTree = "<group>"; };
		184EF673224F75BE00681862 /* Yabba dabba doo.m4a */ = {isa = PBXFileReference; lastKnownFileType = file; path = "Yabba dabba doo.m4a"; sourceTree = "<group>"; };
		184EF674224F75BE00681862 /* I'm diffusing a situation.m4a */ = {isa = PBXFileReference; lastKnownFileType = file; path = "I'm diffusing a situation.m4a"; sourceTree = "<group>"; };
		184EF675224F75BE00681862 /* Dirtbag.m4a */ = {isa = PBXFileReference; lastKnownFileType = file; path = Dirtbag.m4a; sourceTree = "<group>"; };
		184EF676224F75BE00681862 /* The full bullpen.m4a */ = {isa = PBXFileReference; lastKnownFileType = file; path = "The full bullpen.m4a"; sourceTree = "<group>"; };
		184EF677224F75BE00681862 /* Time for the next level.m4a */ = {isa = PBXFileReference; lastKnownFileType = file; path = "Time for the next level.m4a"; sourceTree = "<group>"; };
		184EF678224F75BE00681862 /* This is.m4a */ = {isa = PBXFileReference; lastKnownFileType = file; path = "This is.m4a"; sourceTree = "<group>"; };
		184EF679224F75BE00681862 /* HOT DAMN .m4a */ = {isa = PBXFileReference; lastKnownFileType = file; path = "HOT DAMN .m4a"; sourceTree = "<group>"; };
		184EF67A224F75BE00681862 /* I'm a Curd-mudgeon.m4a */ = {isa = PBXFileReference; lastKnownFileType = file; path = "I'm a Curd-mudgeon.m4a"; sourceTree = "<group>"; };
		184EF67B224F75BE00681862 /* Bone.m4a */ = {isa = PBXFileReference; lastKnownFileType = file; path = Bone.m4a; sourceTree = "<group>"; };
		184EF67C224F75BE00681862 /* Stop playing this inane garbage.m4a */ = {isa = PBXFileReference; lastKnownFileType = file; path = "Stop playing this inane garbage.m4a"; sourceTree = "<group>"; };
		184EF67D224F75BE00681862 /* Let's unleash hell.m4a */ = {isa = PBXFileReference; lastKnownFileType = file; path = "Let's unleash hell.m4a"; sourceTree = "<group>"; };
		184EF67E224F75BE00681862 /* Because no one will ever believe you.m4a */ = {isa = PBXFileReference; lastKnownFileType = file; path = "Because no one will ever believe you.m4a"; sourceTree = "<group>"; };
		18B86CDE224F6381001CC664 /* B99.app */ = {isa = PBXFileReference; explicitFileType = wrapper.application; includeInIndex = 0; path = B99.app; sourceTree = BUILT_PRODUCTS_DIR; };
		18B86CE1224F6381001CC664 /* AppDelegate.swift */ = {isa = PBXFileReference; lastKnownFileType = sourcecode.swift; path = AppDelegate.swift; sourceTree = "<group>"; };
		18B86CE3224F6381001CC664 /* ViewController.swift */ = {isa = PBXFileReference; lastKnownFileType = sourcecode.swift; path = ViewController.swift; sourceTree = "<group>"; };
		18B86CE6224F6382001CC664 /* Base */ = {isa = PBXFileReference; lastKnownFileType = file.storyboard; name = Base; path = Base.lproj/Main.storyboard; sourceTree = "<group>"; };
		18B86CE9224F6382001CC664 /* B99.xcdatamodel */ = {isa = PBXFileReference; lastKnownFileType = wrapper.xcdatamodel; path = B99.xcdatamodel; sourceTree = "<group>"; };
		18B86CEB224F63C8001CC664 /* Assets.xcassets */ = {isa = PBXFileReference; lastKnownFileType = folder.assetcatalog; path = Assets.xcassets; sourceTree = "<group>"; };
		18B86CEE224F63C9001CC664 /* Base */ = {isa = PBXFileReference; lastKnownFileType = file.storyboard; name = Base; path = Base.lproj/LaunchScreen.storyboard; sourceTree = "<group>"; };
		18B86CF0224F63C9001CC664 /* Info.plist */ = {isa = PBXFileReference; lastKnownFileType = text.plist.xml; path = Info.plist; sourceTree = "<group>"; };
		18B86CF5224F63D0001CC664 /* B99Tests.xctest */ = {isa = PBXFileReference; explicitFileType = wrapper.cfbundle; includeInIndex = 0; path = B99Tests.xctest; sourceTree = BUILT_PRODUCTS_DIR; };
		18B86CF9224F63D1001CC664 /* B99Tests.swift */ = {isa = PBXFileReference; lastKnownFileType = sourcecode.swift; path = B99Tests.swift; sourceTree = "<group>"; };
		18B86CFB224F63D1001CC664 /* Info.plist */ = {isa = PBXFileReference; lastKnownFileType = text.plist.xml; path = Info.plist; sourceTree = "<group>"; };
		18B86D00224F63D1001CC664 /* B99UITests.xctest */ = {isa = PBXFileReference; explicitFileType = wrapper.cfbundle; includeInIndex = 0; path = B99UITests.xctest; sourceTree = BUILT_PRODUCTS_DIR; };
		18B86D04224F63D1001CC664 /* B99UITests.swift */ = {isa = PBXFileReference; lastKnownFileType = sourcecode.swift; path = B99UITests.swift; sourceTree = "<group>"; };
		18B86D06224F63D2001CC664 /* Info.plist */ = {isa = PBXFileReference; lastKnownFileType = text.plist.xml; path = Info.plist; sourceTree = "<group>"; };
/* End PBXFileReference section */

/* Begin PBXFrameworksBuildPhase section */
		18B86CDB224F6381001CC664 /* Frameworks */ = {
			isa = PBXFrameworksBuildPhase;
			buildActionMask = 2147483647;
			files = (
			);
			runOnlyForDeploymentPostprocessing = 0;
		};
		18B86CF2224F63D0001CC664 /* Frameworks */ = {
			isa = PBXFrameworksBuildPhase;
			buildActionMask = 2147483647;
			files = (
			);
			runOnlyForDeploymentPostprocessing = 0;
		};
		18B86CFD224F63D1001CC664 /* Frameworks */ = {
			isa = PBXFrameworksBuildPhase;
			buildActionMask = 2147483647;
			files = (
			);
			runOnlyForDeploymentPostprocessing = 0;
		};
/* End PBXFrameworksBuildPhase section */

/* Begin PBXGroup section */
		184EF635224F75BD00681862 /* CaptainHoltSounds */ = {
			isa = PBXGroup;
			children = (
				184EF636224F75BD00681862 /* Bold personality.m4a */,
				184EF637224F75BD00681862 /* Let's get that punk!.m4a */,
				184EF638224F75BD00681862 /* Time to make daddy proud.m4a */,
				184EF639224F75BD00681862 /* I'm.m4a */,
				184EF63A224F75BD00681862 /* What are you doing at Razzmataz.m4a */,
				184EF63B224F75BD00681862 /* Made no I birthed her.m4a */,
				184EF63C224F75BE00681862 /* But if you're here.m4a */,
				184EF63D224F75BE00681862 /* Booone.m4a */,
				184EF63E224F75BE00681862 /* Everything is garbage.m4a */,
				184EF63F224F75BE00681862 /* Marco polo.m4a */,
				184EF640224F75BE00681862 /* Yes.m4a */,
				184EF641224F75BE00681862 /* Oh damn.m4a */,
				184EF642224F75BE00681862 /* I'd like to play.m4a */,
				184EF643224F75BE00681862 /* Vindication.m4a */,
				184EF644224F75BE00681862 /* Now put on a smile.m4a */,
				184EF645224F75BE00681862 /* BRB time.m4a */,
				184EF646224F75BE00681862 /* Funniest story.m4a */,
				184EF647224F75BE00681862 /* Oppsie Doodle.m4a */,
				184EF648224F75BE00681862 /* Is everything okay (brain).m4a */,
				184EF649224F75BE00681862 /* How dare you.m4a */,
				184EF64A224F75BE00681862 /* Boost my bottom.m4a */,
				184EF64B224F75BE00681862 /* Painnnn.m4a */,
				184EF64C224F75BE00681862 /* Bingpot.m4a */,
				184EF64D224F75BE00681862 /* Cwazy Cupcakes.m4a */,
				184EF64E224F75BE00681862 /* Here at the fun zone.m4a */,
				184EF64F224F75BE00681862 /* I am your superior officer.m4a */,
				184EF650224F75BE00681862 /* I just erased everything.m4a */,
				184EF651224F75BE00681862 /* I have zero interest.m4a */,
				184EF652224F75BE00681862 /* D-D-D-D-D-D-Derek.m4a */,
				184EF653224F75BE00681862 /* You embarrass yourself.m4a */,
				184EF654224F75BE00681862 /* Marshedmallows.m4a */,
				184EF655224F75BE00681862 /* This is Balthaazar.m4a */,
				184EF656224F75BE00681862 /* Cowabunga.m4a */,
				184EF657224F75BE00681862 /* You've used my logic against me.m4a */,
				184EF658224F75BE00681862 /* Unleash the beast.m4a */,
				184EF659224F75BE00681862 /* I gained 3 pounds in Paris.m4a */,
				184EF65A224F75BE00681862 /* Get some.m4a */,
				184EF65B224F75BE00681862 /* Funky Cold Medina.m4a */,
				184EF65C224F75BE00681862 /* Dismissed.m4a */,
				184EF65D224F75BE00681862 /* Robot.m4a */,
				184EF65E224F75BE00681862 /* Velvet thunder.m4a */,
				184EF65F224F75BE00681862 /* You call that dancing.m4a */,
				184EF660224F75BE00681862 /* Hello Sexarella.m4a */,
				184EF661224F75BE00681862 /* I've heard you saying that 162 times.m4a */,
				184EF662224F75BE00681862 /* Cute little secret weapon.m4a */,
				184EF663224F75BE00681862 /* Raymond Holt.m4a */,
				184EF664224F75BE00681862 /* Situation diffused.m4a */,
				184EF665224F75BE00681862 /* Never love anything.m4a */,
				184EF666224F75BE00681862 /* Very cool.m4a */,
				184EF667224F75BE00681862 /* Is everything OK.m4a */,
				184EF668224F75BE00681862 /* Forced laughing.m4a */,
				184EF669224F75BE00681862 /* I was hula hooping.m4a */,
				184EF66A224F75BE00681862 /* You're not cheddar.m4a */,
				184EF66B224F75BE00681862 /* Peralta you're a genius.m4a */,
				184EF66C224F75BE00681862 /* I've never been happier.m4a */,
				184EF66D224F75BE00681862 /* Huh.m4a */,
				184EF66E224F75BE00681862 /* Get to work.m4a */,
				184EF66F224F75BE00681862 /* Yas queen.m4a */,
				184EF670224F75BE00681862 /* Wuntch time is over.m4a */,
				184EF671224F75BE00681862 /* Talking raisin.m4a */,
				184EF672224F75BE00681862 /* Right now.m4a */,
				184EF673224F75BE00681862 /* Yabba dabba doo.m4a */,
				184EF674224F75BE00681862 /* I'm diffusing a situation.m4a */,
				184EF675224F75BE00681862 /* Dirtbag.m4a */,
				184EF676224F75BE00681862 /* The full bullpen.m4a */,
				184EF677224F75BE00681862 /* Time for the next level.m4a */,
				184EF678224F75BE00681862 /* This is.m4a */,
				184EF679224F75BE00681862 /* HOT DAMN .m4a */,
				184EF67A224F75BE00681862 /* I'm a Curd-mudgeon.m4a */,
				184EF67B224F75BE00681862 /* Bone.m4a */,
				184EF67C224F75BE00681862 /* Stop playing this inane garbage.m4a */,
				184EF67D224F75BE00681862 /* Let's unleash hell.m4a */,
				184EF67E224F75BE00681862 /* Because no one will ever believe you.m4a */,
			);
			path = CaptainHoltSounds;
			sourceTree = "<group>";
		};
		18B86CD5224F6380001CC664 = {
			isa = PBXGroup;
			children = (
				18B86CE0224F6381001CC664 /* B99 */,
				18B86CF8224F63D0001CC664 /* B99Tests */,
				18B86D03224F63D1001CC664 /* B99UITests */,
				18B86CDF224F6381001CC664 /* Products */,
			);
			sourceTree = "<group>";
		};
		18B86CDF224F6381001CC664 /* Products */ = {
			isa = PBXGroup;
			children = (
				18B86CDE224F6381001CC664 /* B99.app */,
				18B86CF5224F63D0001CC664 /* B99Tests.xctest */,
				18B86D00224F63D1001CC664 /* B99UITests.xctest */,
			);
			name = Products;
			sourceTree = "<group>";
		};
		18B86CE0224F6381001CC664 /* B99 */ = {
			isa = PBXGroup;
			children = (
				18B86CE1224F6381001CC664 /* AppDelegate.swift */,
				18B86CE3224F6381001CC664 /* ViewController.swift */,
				184EF635224F75BD00681862 /* CaptainHoltSounds */,
				184EF633224F6D0E00681862 /* HoltTableViewCell.swift */,
				18B86CE5224F6382001CC664 /* Main.storyboard */,
				18B86CEB224F63C8001CC664 /* Assets.xcassets */,
				18B86CED224F63C9001CC664 /* LaunchScreen.storyboard */,
				18B86CF0224F63C9001CC664 /* Info.plist */,
				18B86CE8224F6382001CC664 /* B99.xcdatamodeld */,
			);
			path = B99;
			sourceTree = "<group>";
		};
		18B86CF8224F63D0001CC664 /* B99Tests */ = {
			isa = PBXGroup;
			children = (
				18B86CF9224F63D1001CC664 /* B99Tests.swift */,
				18B86CFB224F63D1001CC664 /* Info.plist */,
			);
			path = B99Tests;
			sourceTree = "<group>";
		};
		18B86D03224F63D1001CC664 /* B99UITests */ = {
			isa = PBXGroup;
			children = (
				18B86D04224F63D1001CC664 /* B99UITests.swift */,
				18B86D06224F63D2001CC664 /* Info.plist */,
			);
			path = B99UITests;
			sourceTree = "<group>";
		};
/* End PBXGroup section */

/* Begin PBXNativeTarget section */
		18B86CDD224F6381001CC664 /* B99 */ = {
			isa = PBXNativeTarget;
			buildConfigurationList = 18B86D09224F63D2001CC664 /* Build configuration list for PBXNativeTarget "B99" */;
			buildPhases = (
				18B86CDA224F6381001CC664 /* Sources */,
				18B86CDB224F6381001CC664 /* Frameworks */,
				18B86CDC224F6381001CC664 /* Resources */,
			);
			buildRules = (
			);
			dependencies = (
			);
			name = B99;
			productName = B99;
			productReference = 18B86CDE224F6381001CC664 /* B99.app */;
			productType = "com.apple.product-type.application";
		};
		18B86CF4224F63D0001CC664 /* B99Tests */ = {
			isa = PBXNativeTarget;
			buildConfigurationList = 18B86D0C224F63D2001CC664 /* Build configuration list for PBXNativeTarget "B99Tests" */;
			buildPhases = (
				18B86CF1224F63D0001CC664 /* Sources */,
				18B86CF2224F63D0001CC664 /* Frameworks */,
				18B86CF3224F63D0001CC664 /* Resources */,
			);
			buildRules = (
			);
			dependencies = (
				18B86CF7224F63D0001CC664 /* PBXTargetDependency */,
			);
			name = B99Tests;
			productName = B99Tests;
			productReference = 18B86CF5224F63D0001CC664 /* B99Tests.xctest */;
			productType = "com.apple.product-type.bundle.unit-test";
		};
		18B86CFF224F63D1001CC664 /* B99UITests */ = {
			isa = PBXNativeTarget;
			buildConfigurationList = 18B86D0F224F63D2001CC664 /* Build configuration list for PBXNativeTarget "B99UITests" */;
			buildPhases = (
				18B86CFC224F63D1001CC664 /* Sources */,
				18B86CFD224F63D1001CC664 /* Frameworks */,
				18B86CFE224F63D1001CC664 /* Resources */,
			);
			buildRules = (
			);
			dependencies = (
				18B86D02224F63D1001CC664 /* PBXTargetDependency */,
			);
			name = B99UITests;
			productName = B99UITests;
			productReference = 18B86D00224F63D1001CC664 /* B99UITests.xctest */;
			productType = "com.apple.product-type.bundle.ui-testing";
		};
/* End PBXNativeTarget section */

/* Begin PBXProject section */
		18B86CD6224F6380001CC664 /* Project object */ = {
			isa = PBXProject;
			attributes = {
				LastSwiftUpdateCheck = 1010;
				LastUpgradeCheck = 1010;
				ORGANIZATIONNAME = Apple;
				TargetAttributes = {
					18B86CDD224F6381001CC664 = {
						CreatedOnToolsVersion = 10.1;
					};
					18B86CF4224F63D0001CC664 = {
						CreatedOnToolsVersion = 10.1;
						TestTargetID = 18B86CDD224F6381001CC664;
					};
					18B86CFF224F63D1001CC664 = {
						CreatedOnToolsVersion = 10.1;
						TestTargetID = 18B86CDD224F6381001CC664;
					};
				};
			};
			buildConfigurationList = 18B86CD9224F6380001CC664 /* Build configuration list for PBXProject "B99" */;
			compatibilityVersion = "Xcode 9.3";
			developmentRegion = en;
			hasScannedForEncodings = 0;
			knownRegions = (
				en,
				Base,
			);
			mainGroup = 18B86CD5224F6380001CC664;
			productRefGroup = 18B86CDF224F6381001CC664 /* Products */;
			projectDirPath = "";
			projectRoot = "";
			targets = (
				18B86CDD224F6381001CC664 /* B99 */,
				18B86CF4224F63D0001CC664 /* B99Tests */,
				18B86CFF224F63D1001CC664 /* B99UITests */,
			);
		};
/* End PBXProject section */

/* Begin PBXResourcesBuildPhase section */
		18B86CDC224F6381001CC664 /* Resources */ = {
			isa = PBXResourcesBuildPhase;
			buildActionMask = 2147483647;
			files = (
				184EF6A9224F75BF00681862 /* Hello Sexarella.m4a in Resources */,
				184EF68A224F75BF00681862 /* Oh damn.m4a in Resources */,
				184EF6A2224F75BF00681862 /* I gained 3 pounds in Paris.m4a in Resources */,
				184EF6B6224F75BF00681862 /* Huh.m4a in Resources */,
				184EF6B1224F75BF00681862 /* Forced laughing.m4a in Resources */,
				184EF686224F75BF00681862 /* Booone.m4a in Resources */,
				184EF6C3224F75BF00681862 /* I'm a Curd-mudgeon.m4a in Resources */,
				184EF6BD224F75BF00681862 /* I'm diffusing a situation.m4a in Resources */,
				184EF691224F75BF00681862 /* Is everything okay (brain).m4a in Resources */,
				184EF6AC224F75BF00681862 /* Raymond Holt.m4a in Resources */,
				184EF697224F75BF00681862 /* Here at the fun zone.m4a in Resources */,
				184EF696224F75BF00681862 /* Cwazy Cupcakes.m4a in Resources */,
				184EF682224F75BF00681862 /* I'm.m4a in Resources */,
				184EF68F224F75BF00681862 /* Funniest story.m4a in Resources */,
				184EF6C7224F75BF00681862 /* Because no one will ever believe you.m4a in Resources */,
				184EF68E224F75BF00681862 /* BRB time.m4a in Resources */,
				184EF6C0224F75BF00681862 /* Time for the next level.m4a in Resources */,
				184EF69F224F75BF00681862 /* Cowabunga.m4a in Resources */,
				184EF6A1224F75BF00681862 /* Unleash the beast.m4a in Resources */,
				184EF685224F75BF00681862 /* But if you're here.m4a in Resources */,
				184EF687224F75BF00681862 /* Everything is garbage.m4a in Resources */,
				184EF699224F75BF00681862 /* I just erased everything.m4a in Resources */,
				184EF68C224F75BF00681862 /* Vindication.m4a in Resources */,
				184EF681224F75BF00681862 /* Time to make daddy proud.m4a in Resources */,
				184EF6B0224F75BF00681862 /* Is everything OK.m4a in Resources */,
				184EF6A3224F75BF00681862 /* Get some.m4a in Resources */,
				184EF6BE224F75BF00681862 /* Dirtbag.m4a in Resources */,
				184EF6A4224F75BF00681862 /* Funky Cold Medina.m4a in Resources */,
				184EF68B224F75BF00681862 /* I'd like to play.m4a in Resources */,
				184EF69C224F75BF00681862 /* You embarrass yourself.m4a in Resources */,
				184EF6B2224F75BF00681862 /* I was hula hooping.m4a in Resources */,
				18B86CEF224F63C9001CC664 /* LaunchScreen.storyboard in Resources */,
				184EF684224F75BF00681862 /* Made no I birthed her.m4a in Resources */,
				184EF688224F75BF00681862 /* Marco polo.m4a in Resources */,
				184EF6C2224F75BF00681862 /* HOT DAMN .m4a in Resources */,
				184EF6B4224F75BF00681862 /* Peralta you're a genius.m4a in Resources */,
				184EF6C1224F75BF00681862 /* This is.m4a in Resources */,
				184EF695224F75BF00681862 /* Bingpot.m4a in Resources */,
				184EF6A8224F75BF00681862 /* You call that dancing.m4a in Resources */,
				184EF694224F75BF00681862 /* Painnnn.m4a in Resources */,
				184EF6B7224F75BF00681862 /* Get to work.m4a in Resources */,
				184EF690224F75BF00681862 /* Oppsie Doodle.m4a in Resources */,
				184EF6AB224F75BF00681862 /* Cute little secret weapon.m4a in Resources */,
				184EF69A224F75BF00681862 /* I have zero interest.m4a in Resources */,
				184EF6B9224F75BF00681862 /* Wuntch time is over.m4a in Resources */,
				184EF698224F75BF00681862 /* I am your superior officer.m4a in Resources */,
				184EF6AD224F75BF00681862 /* Situation diffused.m4a in Resources */,
				184EF69B224F75BF00681862 /* D-D-D-D-D-D-Derek.m4a in Resources */,
				184EF6BA224F75BF00681862 /* Talking raisin.m4a in Resources */,
				184EF6B3224F75BF00681862 /* You're not cheddar.m4a in Resources */,
				184EF680224F75BF00681862 /* Let's get that punk!.m4a in Resources */,
				184EF6BF224F75BF00681862 /* The full bullpen.m4a in Resources */,
				18B86CEC224F63C8001CC664 /* Assets.xcassets in Resources */,
				184EF6A6224F75BF00681862 /* Robot.m4a in Resources */,
				184EF6C5224F75BF00681862 /* Stop playing this inane garbage.m4a in Resources */,
				18B86CE7224F6382001CC664 /* Main.storyboard in Resources */,
				184EF6C6224F75BF00681862 /* Let's unleash hell.m4a in Resources */,
				184EF6BB224F75BF00681862 /* Right now.m4a in Resources */,
				184EF6A0224F75BF00681862 /* You've used my logic against me.m4a in Resources */,
				184EF6A7224F75BF00681862 /* Velvet thunder.m4a in Resources */,
				184EF6C4224F75BF00681862 /* Bone.m4a in Resources */,
				184EF6B5224F75BF00681862 /* I've never been happier.m4a in Resources */,
				184EF6AF224F75BF00681862 /* Very cool.m4a in Resources */,
				184EF69E224F75BF00681862 /* This is Balthaazar.m4a in Resources */,
				184EF683224F75BF00681862 /* What are you doing at Razzmataz.m4a in Resources */,
				184EF689224F75BF00681862 /* Yes.m4a in Resources */,
				184EF6A5224F75BF00681862 /* Dismissed.m4a in Resources */,
				184EF67F224F75BF00681862 /* Bold personality.m4a in Resources */,
				184EF6B8224F75BF00681862 /* Yas queen.m4a in Resources */,
				184EF693224F75BF00681862 /* Boost my bottom.m4a in Resources */,
				184EF69D224F75BF00681862 /* Marshedmallows.m4a in Resources */,
				184EF68D224F75BF00681862 /* Now put on a smile.m4a in Resources */,
				184EF6AE224F75BF00681862 /* Never love anything.m4a in Resources */,
				184EF6BC224F75BF00681862 /* Yabba dabba doo.m4a in Resources */,
				184EF692224F75BF00681862 /* How dare you.m4a in Resources */,
				184EF6AA224F75BF00681862 /* I've heard you saying that 162 times.m4a in Resources */,
			);
			runOnlyForDeploymentPostprocessing = 0;
		};
		18B86CF3224F63D0001CC664 /* Resources */ = {
			isa = PBXResourcesBuildPhase;
			buildActionMask = 2147483647;
			files = (
			);
			runOnlyForDeploymentPostprocessing = 0;
		};
		18B86CFE224F63D1001CC664 /* Resources */ = {
			isa = PBXResourcesBuildPhase;
			buildActionMask = 2147483647;
			files = (
			);
			runOnlyForDeploymentPostprocessing = 0;
		};
/* End PBXResourcesBuildPhase section */

/* Begin PBXSourcesBuildPhase section */
		18B86CDA224F6381001CC664 /* Sources */ = {
			isa = PBXSourcesBuildPhase;
			buildActionMask = 2147483647;
			files = (
				184EF634224F6D0E00681862 /* HoltTableViewCell.swift in Sources */,
				18B86CEA224F6382001CC664 /* B99.xcdatamodeld in Sources */,
				18B86CE4224F6381001CC664 /* ViewController.swift in Sources */,
				18B86CE2224F6381001CC664 /* AppDelegate.swift in Sources */,
			);
			runOnlyForDeploymentPostprocessing = 0;
		};
		18B86CF1224F63D0001CC664 /* Sources */ = {
			isa = PBXSourcesBuildPhase;
			buildActionMask = 2147483647;
			files = (
				18B86CFA224F63D1001CC664 /* B99Tests.swift in Sources */,
			);
			runOnlyForDeploymentPostprocessing = 0;
		};
		18B86CFC224F63D1001CC664 /* Sources */ = {
			isa = PBXSourcesBuildPhase;
			buildActionMask = 2147483647;
			files = (
				18B86D05224F63D1001CC664 /* B99UITests.swift in Sources */,
			);
			runOnlyForDeploymentPostprocessing = 0;
		};
/* End PBXSourcesBuildPhase section */

/* Begin PBXTargetDependency section */
		18B86CF7224F63D0001CC664 /* PBXTargetDependency */ = {
			isa = PBXTargetDependency;
			target = 18B86CDD224F6381001CC664 /* B99 */;
			targetProxy = 18B86CF6224F63D0001CC664 /* PBXContainerItemProxy */;
		};
		18B86D02224F63D1001CC664 /* PBXTargetDependency */ = {
			isa = PBXTargetDependency;
			target = 18B86CDD224F6381001CC664 /* B99 */;
			targetProxy = 18B86D01224F63D1001CC664 /* PBXContainerItemProxy */;
		};
/* End PBXTargetDependency section */

/* Begin PBXVariantGroup section */
		18B86CE5224F6382001CC664 /* Main.storyboard */ = {
			isa = PBXVariantGroup;
			children = (
				18B86CE6224F6382001CC664 /* Base */,
			);
			name = Main.storyboard;
			sourceTree = "<group>";
		};
		18B86CED224F63C9001CC664 /* LaunchScreen.storyboard */ = {
			isa = PBXVariantGroup;
			children = (
				18B86CEE224F63C9001CC664 /* Base */,
			);
			name = LaunchScreen.storyboard;
			sourceTree = "<group>";
		};
/* End PBXVariantGroup section */

/* Begin XCBuildConfiguration section */
		18B86D07224F63D2001CC664 /* Debug */ = {
			isa = XCBuildConfiguration;
			buildSettings = {
				ALWAYS_SEARCH_USER_PATHS = NO;
				CLANG_ANALYZER_NONNULL = YES;
				CLANG_ANALYZER_NUMBER_OBJECT_CONVERSION = YES_AGGRESSIVE;
				CLANG_CXX_LANGUAGE_STANDARD = "gnu++14";
				CLANG_CXX_LIBRARY = "libc++";
				CLANG_ENABLE_MODULES = YES;
				CLANG_ENABLE_OBJC_ARC = YES;
				CLANG_ENABLE_OBJC_WEAK = YES;
				CLANG_WARN_BLOCK_CAPTURE_AUTORELEASING = YES;
				CLANG_WARN_BOOL_CONVERSION = YES;
				CLANG_WARN_COMMA = YES;
				CLANG_WARN_CONSTANT_CONVERSION = YES;
				CLANG_WARN_DEPRECATED_OBJC_IMPLEMENTATIONS = YES;
				CLANG_WARN_DIRECT_OBJC_ISA_USAGE = YES_ERROR;
				CLANG_WARN_DOCUMENTATION_COMMENTS = YES;
				CLANG_WARN_EMPTY_BODY = YES;
				CLANG_WARN_ENUM_CONVERSION = YES;
				CLANG_WARN_INFINITE_RECURSION = YES;
				CLANG_WARN_INT_CONVERSION = YES;
				CLANG_WARN_NON_LITERAL_NULL_CONVERSION = YES;
				CLANG_WARN_OBJC_IMPLICIT_RETAIN_SELF = YES;
				CLANG_WARN_OBJC_LITERAL_CONVERSION = YES;
				CLANG_WARN_OBJC_ROOT_CLASS = YES_ERROR;
				CLANG_WARN_RANGE_LOOP_ANALYSIS = YES;
				CLANG_WARN_STRICT_PROTOTYPES = YES;
				CLANG_WARN_SUSPICIOUS_MOVE = YES;
				CLANG_WARN_UNGUARDED_AVAILABILITY = YES_AGGRESSIVE;
				CLANG_WARN_UNREACHABLE_CODE = YES;
				CLANG_WARN__DUPLICATE_METHOD_MATCH = YES;
				CODE_SIGN_IDENTITY = "iPhone Developer";
				COPY_PHASE_STRIP = NO;
				DEBUG_INFORMATION_FORMAT = dwarf;
				ENABLE_STRICT_OBJC_MSGSEND = YES;
				ENABLE_TESTABILITY = YES;
				GCC_C_LANGUAGE_STANDARD = gnu11;
				GCC_DYNAMIC_NO_PIC = NO;
				GCC_NO_COMMON_BLOCKS = YES;
				GCC_OPTIMIZATION_LEVEL = 0;
				GCC_PREPROCESSOR_DEFINITIONS = (
					"DEBUG=1",
					"$(inherited)",
				);
				GCC_WARN_64_TO_32_BIT_CONVERSION = YES;
				GCC_WARN_ABOUT_RETURN_TYPE = YES_ERROR;
				GCC_WARN_UNDECLARED_SELECTOR = YES;
				GCC_WARN_UNINITIALIZED_AUTOS = YES_AGGRESSIVE;
				GCC_WARN_UNUSED_FUNCTION = YES;
				GCC_WARN_UNUSED_VARIABLE = YES;
				IPHONEOS_DEPLOYMENT_TARGET = 12.1;
				MTL_ENABLE_DEBUG_INFO = INCLUDE_SOURCE;
				MTL_FAST_MATH = YES;
				ONLY_ACTIVE_ARCH = YES;
				SDKROOT = iphoneos;
				SWIFT_ACTIVE_COMPILATION_CONDITIONS = DEBUG;
				SWIFT_OPTIMIZATION_LEVEL = "-Onone";
			};
			name = Debug;
		};
		18B86D08224F63D2001CC664 /* Release */ = {
			isa = XCBuildConfiguration;
			buildSettings = {
				ALWAYS_SEARCH_USER_PATHS = NO;
				CLANG_ANALYZER_NONNULL = YES;
				CLANG_ANALYZER_NUMBER_OBJECT_CONVERSION = YES_AGGRESSIVE;
				CLANG_CXX_LANGUAGE_STANDARD = "gnu++14";
				CLANG_CXX_LIBRARY = "libc++";
				CLANG_ENABLE_MODULES = YES;
				CLANG_ENABLE_OBJC_ARC = YES;
				CLANG_ENABLE_OBJC_WEAK = YES;
				CLANG_WARN_BLOCK_CAPTURE_AUTORELEASING = YES;
				CLANG_WARN_BOOL_CONVERSION = YES;
				CLANG_WARN_COMMA = YES;
				CLANG_WARN_CONSTANT_CONVERSION = YES;
				CLANG_WARN_DEPRECATED_OBJC_IMPLEMENTATIONS = YES;
				CLANG_WARN_DIRECT_OBJC_ISA_USAGE = YES_ERROR;
				CLANG_WARN_DOCUMENTATION_COMMENTS = YES;
				CLANG_WARN_EMPTY_BODY = YES;
				CLANG_WARN_ENUM_CONVERSION = YES;
				CLANG_WARN_INFINITE_RECURSION = YES;
				CLANG_WARN_INT_CONVERSION = YES;
				CLANG_WARN_NON_LITERAL_NULL_CONVERSION = YES;
				CLANG_WARN_OBJC_IMPLICIT_RETAIN_SELF = YES;
				CLANG_WARN_OBJC_LITERAL_CONVERSION = YES;
				CLANG_WARN_OBJC_ROOT_CLASS = YES_ERROR;
				CLANG_WARN_RANGE_LOOP_ANALYSIS = YES;
				CLANG_WARN_STRICT_PROTOTYPES = YES;
				CLANG_WARN_SUSPICIOUS_MOVE = YES;
				CLANG_WARN_UNGUARDED_AVAILABILITY = YES_AGGRESSIVE;
				CLANG_WARN_UNREACHABLE_CODE = YES;
				CLANG_WARN__DUPLICATE_METHOD_MATCH = YES;
				CODE_SIGN_IDENTITY = "iPhone Developer";
				COPY_PHASE_STRIP = NO;
				DEBUG_INFORMATION_FORMAT = "dwarf-with-dsym";
				ENABLE_NS_ASSERTIONS = NO;
				ENABLE_STRICT_OBJC_MSGSEND = YES;
				GCC_C_LANGUAGE_STANDARD = gnu11;
				GCC_NO_COMMON_BLOCKS = YES;
				GCC_WARN_64_TO_32_BIT_CONVERSION = YES;
				GCC_WARN_ABOUT_RETURN_TYPE = YES_ERROR;
				GCC_WARN_UNDECLARED_SELECTOR = YES;
				GCC_WARN_UNINITIALIZED_AUTOS = YES_AGGRESSIVE;
				GCC_WARN_UNUSED_FUNCTION = YES;
				GCC_WARN_UNUSED_VARIABLE = YES;
				IPHONEOS_DEPLOYMENT_TARGET = 12.1;
				MTL_ENABLE_DEBUG_INFO = NO;
				MTL_FAST_MATH = YES;
				SDKROOT = iphoneos;
				SWIFT_COMPILATION_MODE = wholemodule;
				SWIFT_OPTIMIZATION_LEVEL = "-O";
				VALIDATE_PRODUCT = YES;
			};
			name = Release;
		};
		18B86D0A224F63D2001CC664 /* Debug */ = {
			isa = XCBuildConfiguration;
			buildSettings = {
				ASSETCATALOG_COMPILER_APPICON_NAME = AppIcon;
				CODE_SIGN_STYLE = Automatic;
				DEVELOPMENT_TEAM = 34BXM8WWW8;
				INFOPLIST_FILE = B99/Info.plist;
				LD_RUNPATH_SEARCH_PATHS = (
					"$(inherited)",
					"@executable_path/Frameworks",
				);
				PRODUCT_BUNDLE_IDENTIFIER = Saarah.B99;
				PRODUCT_NAME = "$(TARGET_NAME)";
				SWIFT_VERSION = 4.2;
				TARGETED_DEVICE_FAMILY = "1,2";
			};
			name = Debug;
		};
		18B86D0B224F63D2001CC664 /* Release */ = {
			isa = XCBuildConfiguration;
			buildSettings = {
				ASSETCATALOG_COMPILER_APPICON_NAME = AppIcon;
				CODE_SIGN_STYLE = Automatic;
				DEVELOPMENT_TEAM = 34BXM8WWW8;
				INFOPLIST_FILE = B99/Info.plist;
				LD_RUNPATH_SEARCH_PATHS = (
					"$(inherited)",
					"@executable_path/Frameworks",
				);
				PRODUCT_BUNDLE_IDENTIFIER = Saarah.B99;
				PRODUCT_NAME = "$(TARGET_NAME)";
				SWIFT_VERSION = 4.2;
				TARGETED_DEVICE_FAMILY = "1,2";
			};
			name = Release;
		};
		18B86D0D224F63D2001CC664 /* Debug */ = {
			isa = XCBuildConfiguration;
			buildSettings = {
				ALWAYS_EMBED_SWIFT_STANDARD_LIBRARIES = YES;
				BUNDLE_LOADER = "$(TEST_HOST)";
				CODE_SIGN_STYLE = Automatic;
				INFOPLIST_FILE = B99Tests/Info.plist;
				LD_RUNPATH_SEARCH_PATHS = (
					"$(inherited)",
					"@executable_path/Frameworks",
					"@loader_path/Frameworks",
				);
				PRODUCT_BUNDLE_IDENTIFIER = Saarah.B99Tests;
				PRODUCT_NAME = "$(TARGET_NAME)";
				SWIFT_VERSION = 4.2;
				TARGETED_DEVICE_FAMILY = "1,2";
				TEST_HOST = "$(BUILT_PRODUCTS_DIR)/B99.app/B99";
			};
			name = Debug;
		};
		18B86D0E224F63D2001CC664 /* Release */ = {
			isa = XCBuildConfiguration;
			buildSettings = {
				ALWAYS_EMBED_SWIFT_STANDARD_LIBRARIES = YES;
				BUNDLE_LOADER = "$(TEST_HOST)";
				CODE_SIGN_STYLE = Automatic;
				INFOPLIST_FILE = B99Tests/Info.plist;
				LD_RUNPATH_SEARCH_PATHS = (
					"$(inherited)",
					"@executable_path/Frameworks",
					"@loader_path/Frameworks",
				);
				PRODUCT_BUNDLE_IDENTIFIER = Saarah.B99Tests;
				PRODUCT_NAME = "$(TARGET_NAME)";
				SWIFT_VERSION = 4.2;
				TARGETED_DEVICE_FAMILY = "1,2";
				TEST_HOST = "$(BUILT_PRODUCTS_DIR)/B99.app/B99";
			};
			name = Release;
		};
		18B86D10224F63D2001CC664 /* Debug */ = {
			isa = XCBuildConfiguration;
			buildSettings = {
				ALWAYS_EMBED_SWIFT_STANDARD_LIBRARIES = YES;
				CODE_SIGN_STYLE = Automatic;
				INFOPLIST_FILE = B99UITests/Info.plist;
				LD_RUNPATH_SEARCH_PATHS = (
					"$(inherited)",
					"@executable_path/Frameworks",
					"@loader_path/Frameworks",
				);
				PRODUCT_BUNDLE_IDENTIFIER = Saarah.B99UITests;
				PRODUCT_NAME = "$(TARGET_NAME)";
				SWIFT_VERSION = 4.2;
				TARGETED_DEVICE_FAMILY = "1,2";
				TEST_TARGET_NAME = B99;
			};
			name = Debug;
		};
		18B86D11224F63D2001CC664 /* Release */ = {
			isa = XCBuildConfiguration;
			buildSettings = {
				ALWAYS_EMBED_SWIFT_STANDARD_LIBRARIES = YES;
				CODE_SIGN_STYLE = Automatic;
				INFOPLIST_FILE = B99UITests/Info.plist;
				LD_RUNPATH_SEARCH_PATHS = (
					"$(inherited)",
					"@executable_path/Frameworks",
					"@loader_path/Frameworks",
				);
				PRODUCT_BUNDLE_IDENTIFIER = Saarah.B99UITests;
				PRODUCT_NAME = "$(TARGET_NAME)";
				SWIFT_VERSION = 4.2;
				TARGETED_DEVICE_FAMILY = "1,2";
				TEST_TARGET_NAME = B99;
			};
			name = Release;
		};
/* End XCBuildConfiguration section */

/* Begin XCConfigurationList section */
		18B86CD9224F6380001CC664 /* Build configuration list for PBXProject "B99" */ = {
			isa = XCConfigurationList;
			buildConfigurations = (
				18B86D07224F63D2001CC664 /* Debug */,
				18B86D08224F63D2001CC664 /* Release */,
			);
			defaultConfigurationIsVisible = 0;
			defaultConfigurationName = Release;
		};
		18B86D09224F63D2001CC664 /* Build configuration list for PBXNativeTarget "B99" */ = {
			isa = XCConfigurationList;
			buildConfigurations = (
				18B86D0A224F63D2001CC664 /* Debug */,
				18B86D0B224F63D2001CC664 /* Release */,
			);
			defaultConfigurationIsVisible = 0;
			defaultConfigurationName = Release;
		};
		18B86D0C224F63D2001CC664 /* Build configuration list for PBXNativeTarget "B99Tests" */ = {
			isa = XCConfigurationList;
			buildConfigurations = (
				18B86D0D224F63D2001CC664 /* Debug */,
				18B86D0E224F63D2001CC664 /* Release */,
			);
			defaultConfigurationIsVisible = 0;
			defaultConfigurationName = Release;
		};
		18B86D0F224F63D2001CC664 /* Build configuration list for PBXNativeTarget "B99UITests" */ = {
			isa = XCConfigurationList;
			buildConfigurations = (
				18B86D10224F63D2001CC664 /* Debug */,
				18B86D11224F63D2001CC664 /* Release */,
			);
			defaultConfigurationIsVisible = 0;
			defaultConfigurationName = Release;
		};
/* End XCConfigurationList section */

/* Begin XCVersionGroup section */
		18B86CE8224F6382001CC664 /* B99.xcdatamodeld */ = {
			isa = XCVersionGroup;
			children = (
				18B86CE9224F6382001CC664 /* B99.xcdatamodel */,
			);
			currentVersion = 18B86CE9224F6382001CC664 /* B99.xcdatamodel */;
			path = B99.xcdatamodeld;
			sourceTree = "<group>";
			versionGroupType = wrapper.xcdatamodel;
		};
/* End XCVersionGroup section */
	};
	rootObject = 18B86CD6224F6380001CC664 /* Project object */;
}
